
Microsoft Visual Studio Solution File, Format Version 12.00
# Visual Studio 15
VisualStudioVersion = 15.0.33026.149
MinimumVisualStudioVersion = 10.0.40219.1
Project("{FAE04EC0-301F-11D3-BF4B-00C04F79EFBC}") = "project_week_8", "project_week_8\project_week_8.csproj", "{BF1AC0C8-BC80-4FC4-90C4-344C509FF3A6}"
EndProject
Global
	GlobalSection(SolutionConfigurationPlatforms) = preSolution
		Debug|Any CPU = Debug|Any CPU
		Release|Any CPU = Release|Any CPU
	EndGlobalSection
	GlobalSection(ProjectConfigurationPlatforms) = postSolution
		{BF1AC0C8-BC80-4FC4-90C4-344C509FF3A6}.Debug|Any CPU.ActiveCfg = Debug|Any CPU
		{BF1AC0C8-BC80-4FC4-90C4-344C509FF3A6}.Debug|Any CPU.Build.0 = Debug|Any CPU
		{BF1AC0C8-BC80-4FC4-90C4-344C509FF3A6}.Release|Any CPU.ActiveCfg = Release|Any CPU
		{BF1AC0C8-BC80-4FC4-90C4-344C509FF3A6}.Release|Any CPU.Build.0 = Release|Any CPU
	EndGlobalSection
	GlobalSection(SolutionProperties) = preSolution
		HideSolutionNode = FALSE
	EndGlobalSection
	GlobalSection(ExtensibilityGlobals) = postSolution
		SolutionGuid = {AE1BFF61-BE46-4A4D-B3BA-9038E5FCFEFE}
	EndGlobalSection
EndGlobal
